
Microsoft Visual Studio Solution File, Format Version 12.00
# Visual Studio Version 17
VisualStudioVersion = 17.5.33530.505
MinimumVisualStudioVersion = 10.0.40219.1
Project("{FAE04EC0-301F-11D3-BF4B-00C04F79EFBC}") = "NoGibs", "NoGibs.csproj", "{9F7B7FB4-1414-4130-83C3-CE3113E86055}"
EndProject
Global
	GlobalSection(SolutionConfigurationPlatforms) = preSolution
		Debug|Any CPU = Debug|Any CPU
		Release|Any CPU = Release|Any CPU
	EndGlobalSection
	GlobalSection(ProjectConfigurationPlatforms) = postSolution
		{9F7B7FB4-1414-4130-83C3-CE3113E86055}.Debug|Any CPU.ActiveCfg = Debug|Any CPU
		{9F7B7FB4-1414-4130-83C3-CE3113E86055}.Debug|Any CPU.Build.0 = Debug|Any CPU
		{9F7B7FB4-1414-4130-83C3-CE3113E86055}.Release|Any CPU.ActiveCfg = Release|Any CPU
		{9F7B7FB4-1414-4130-83C3-CE3113E86055}.Release|Any CPU.Build.0 = Release|Any CPU
	EndGlobalSection
	GlobalSection(SolutionProperties) = preSolution
		HideSolutionNode = FALSE
	EndGlobalSection
	GlobalSection(ExtensibilityGlobals) = postSolution
		SolutionGuid = {8659FCE5-2974-41AB-8340-F54BBACF975F}
	EndGlobalSection
EndGlobal
